
Microsoft Visual Studio Solution File, Format Version 12.00
# Visual Studio Version 17
VisualStudioVersion = 17.5.002.0
MinimumVisualStudioVersion = 10.0.40219.1
Project("{2150E333-8FDC-42A3-9474-1A3956D46DE8}") = "csharp-prep", "csharp-prep", "{161162F3-EFDB-47D5-86EF-56612B99A8F2}"
EndProject
Project("{9A19103F-16F7-4668-BE54-9A1E7A4F7556}") = "Prep1", "csharp-prep\Prep1\Prep1.csproj", "{18173A58-59F5-4DED-9D80-5C18A12B5E51}"
EndProject
Project("{9A19103F-16F7-4668-BE54-9A1E7A4F7556}") = "Prep2", "csharp-prep\Prep2\Prep2.csproj", "{4AFE2A5F-541F-441A-B892-64BAB96C3313}"
EndProject
Project("{9A19103F-16F7-4668-BE54-9A1E7A4F7556}") = "Prep3", "csharp-prep\Prep3\Prep3.csproj", "{BE6479D5-5199-4A1B-B9BA-E7C977E91F2C}"
EndProject
Project("{9A19103F-16F7-4668-BE54-9A1E7A4F7556}") = "Prep4", "csharp-prep\Prep4\Prep4.csproj", "{FBE2B039-953E-4B4E-B400-83540668B62D}"
EndProject
Project("{9A19103F-16F7-4668-BE54-9A1E7A4F7556}") = "Prep5", "csharp-prep\Prep5\Prep5.csproj", "{F9A9AF5B-AFB7-4E51-9890-8D0971080598}"
EndProject
Project("{2150E333-8FDC-42A3-9474-1A3956D46DE8}") = "final", "final", "{5A088667-B40B-4BAF-A6C5-EE168E0A816D}"
EndProject
Project("{9A19103F-16F7-4668-BE54-9A1E7A4F7556}") = "FinalProject", "final\FinalProject\FinalProject.csproj", "{5B9730E7-8D46-4957-A00D-37464E3EADE6}"
EndProject
Project("{9A19103F-16F7-4668-BE54-9A1E7A4F7556}") = "Foundation1", "final\Foundation1\Foundation1.csproj", "{59A696B7-FA82-4197-B1FF-D1D8F1F2CD86}"
EndProject
Project("{9A19103F-16F7-4668-BE54-9A1E7A4F7556}") = "Foundation2", "final\Foundation2\Foundation2.csproj", "{126B33B7-7569-42B4-ABBF-768DDBE4AE66}"
EndProject
Project("{9A19103F-16F7-4668-BE54-9A1E7A4F7556}") = "Foundation3", "final\Foundation3\Foundation3.csproj", "{A646EBCF-0245-4D37-9324-FB79322BA687}"
EndProject
Project("{9A19103F-16F7-4668-BE54-9A1E7A4F7556}") = "Foundation4", "final\Foundation4\Foundation4.csproj", "{FDD8DF2D-F1FE-4A11-A830-DF9A96F1CDCB}"
EndProject
Project("{2150E333-8FDC-42A3-9474-1A3956D46DE8}") = "prepare", "prepare", "{37CA4504-74CE-48B9-AF0E-6CF99EE1023B}"
EndProject
Project("{9A19103F-16F7-4668-BE54-9A1E7A4F7556}") = "Learning02", "prepare\Learning02\Learning02.csproj", "{28674D41-6C6C-4A8C-A616-2270FCE3D0F6}"
EndProject
Project("{9A19103F-16F7-4668-BE54-9A1E7A4F7556}") = "Learning03", "prepare\Learning03\Learning03.csproj", "{57F8CCE2-71AF-4C20-86B1-DAE5D7973D5A}"
EndProject
Project("{9A19103F-16F7-4668-BE54-9A1E7A4F7556}") = "Learning04", "prepare\Learning04\Learning04.csproj", "{6500C386-AC0A-4C95-8C2F-76B7F4B7204F}"
EndProject
Project("{9A19103F-16F7-4668-BE54-9A1E7A4F7556}") = "Learning05", "prepare\Learning05\Learning05.csproj", "{7783F21E-B115-4F31-AFDF-D60BFAC08A39}"
EndProject
Project("{2150E333-8FDC-42A3-9474-1A3956D46DE8}") = "prove", "prove", "{E997C687-6F23-4101-9F64-A43768C4BE3C}"
EndProject
Project("{9A19103F-16F7-4668-BE54-9A1E7A4F7556}") = "Develop02", "prove\Develop02\Develop02.csproj", "{41A700E6-0A39-4290-8E49-27268F15F3F2}"
EndProject
Project("{9A19103F-16F7-4668-BE54-9A1E7A4F7556}") = "Develop03", "prove\Develop03\Develop03.csproj", "{9A0ACEAE-B232-481C-AC67-4725657B9AFE}"
EndProject
Project("{9A19103F-16F7-4668-BE54-9A1E7A4F7556}") = "Develop04", "prove\Develop04\Develop04.csproj", "{5332CABA-187F-4874-92F8-2C602049EDF6}"
EndProject
Project("{9A19103F-16F7-4668-BE54-9A1E7A4F7556}") = "Develop05", "prove\Develop05\Develop05.csproj", "{40FF5721-A643-417D-B5C5-35F70AC2FABA}"
EndProject
Project("{2150E333-8FDC-42A3-9474-1A3956D46DE8}") = "sandbox", "sandbox", "{245C9880-177E-458C-891D-C07F67682FBE}"
EndProject
Project("{9A19103F-16F7-4668-BE54-9A1E7A4F7556}") = "Sandbox", "sandbox\Sandbox\Sandbox.csproj", "{75363355-E544-4BEA-80D0-366943150535}"
EndProject
Global
	GlobalSection(SolutionConfigurationPlatforms) = preSolution
		Debug|Any CPU = Debug|Any CPU
		Release|Any CPU = Release|Any CPU
	EndGlobalSection
	GlobalSection(ProjectConfigurationPlatforms) = postSolution
		{18173A58-59F5-4DED-9D80-5C18A12B5E51}.Debug|Any CPU.ActiveCfg = Debug|Any CPU
		{18173A58-59F5-4DED-9D80-5C18A12B5E51}.Debug|Any CPU.Build.0 = Debug|Any CPU
		{18173A58-59F5-4DED-9D80-5C18A12B5E51}.Release|Any CPU.ActiveCfg = Release|Any CPU
		{18173A58-59F5-4DED-9D80-5C18A12B5E51}.Release|Any CPU.Build.0 = Release|Any CPU
		{4AFE2A5F-541F-441A-B892-64BAB96C3313}.Debug|Any CPU.ActiveCfg = Debug|Any CPU
		{4AFE2A5F-541F-441A-B892-64BAB96C3313}.Debug|Any CPU.Build.0 = Debug|Any CPU
		{4AFE2A5F-541F-441A-B892-64BAB96C3313}.Release|Any CPU.ActiveCfg = Release|Any CPU
		{4AFE2A5F-541F-441A-B892-64BAB96C3313}.Release|Any CPU.Build.0 = Release|Any CPU
		{BE6479D5-5199-4A1B-B9BA-E7C977E91F2C}.Debug|Any CPU.ActiveCfg = Debug|Any CPU
		{BE6479D5-5199-4A1B-B9BA-E7C977E91F2C}.Debug|Any CPU.Build.0 = Debug|Any CPU
		{BE6479D5-5199-4A1B-B9BA-E7C977E91F2C}.Release|Any CPU.ActiveCfg = Release|Any CPU
		{BE6479D5-5199-4A1B-B9BA-E7C977E91F2C}.Release|Any CPU.Build.0 = Release|Any CPU
		{FBE2B039-953E-4B4E-B400-83540668B62D}.Debug|Any CPU.ActiveCfg = Debug|Any CPU
		{FBE2B039-953E-4B4E-B400-83540668B62D}.Debug|Any CPU.Build.0 = Debug|Any CPU
		{FBE2B039-953E-4B4E-B400-83540668B62D}.Release|Any CPU.ActiveCfg = Release|Any CPU
		{FBE2B039-953E-4B4E-B400-83540668B62D}.Release|Any CPU.Build.0 = Release|Any CPU
		{F9A9AF5B-AFB7-4E51-9890-8D0971080598}.Debug|Any CPU.ActiveCfg = Debug|Any CPU
		{F9A9AF5B-AFB7-4E51-9890-8D0971080598}.Debug|Any CPU.Build.0 = Debug|Any CPU
		{F9A9AF5B-AFB7-4E51-9890-8D0971080598}.Release|Any CPU.ActiveCfg = Release|Any CPU
		{F9A9AF5B-AFB7-4E51-9890-8D0971080598}.Release|Any CPU.Build.0 = Release|Any CPU
		{5B9730E7-8D46-4957-A00D-37464E3EADE6}.Debug|Any CPU.ActiveCfg = Debug|Any CPU
		{5B9730E7-8D46-4957-A00D-37464E3EADE6}.Debug|Any CPU.Build.0 = Debug|Any CPU
		{5B9730E7-8D46-4957-A00D-37464E3EADE6}.Release|Any CPU.ActiveCfg = Release|Any CPU
		{5B9730E7-8D46-4957-A00D-37464E3EADE6}.Release|Any CPU.Build.0 = Release|Any CPU
		{59A696B7-FA82-4197-B1FF-D1D8F1F2CD86}.Debug|Any CPU.ActiveCfg = Debug|Any CPU
		{59A696B7-FA82-4197-B1FF-D1D8F1F2CD86}.Debug|Any CPU.Build.0 = Debug|Any CPU
		{59A696B7-FA82-4197-B1FF-D1D8F1F2CD86}.Release|Any CPU.ActiveCfg = Release|Any CPU
		{59A696B7-FA82-4197-B1FF-D1D8F1F2CD86}.Release|Any CPU.Build.0 = Release|Any CPU
		{126B33B7-7569-42B4-ABBF-768DDBE4AE66}.Debug|Any CPU.ActiveCfg = Debug|Any CPU
		{126B33B7-7569-42B4-ABBF-768DDBE4AE66}.Debug|Any CPU.Build.0 = Debug|Any CPU
		{126B33B7-7569-42B4-ABBF-768DDBE4AE66}.Release|Any CPU.ActiveCfg = Release|Any CPU
		{126B33B7-7569-42B4-ABBF-768DDBE4AE66}.Release|Any CPU.Build.0 = Release|Any CPU
		{A646EBCF-0245-4D37-9324-FB79322BA687}.Debug|Any CPU.ActiveCfg = Debug|Any CPU
		{A646EBCF-0245-4D37-9324-FB79322BA687}.Debug|Any CPU.Build.0 = Debug|Any CPU
		{A646EBCF-0245-4D37-9324-FB79322BA687}.Release|Any CPU.ActiveCfg = Release|Any CPU
		{A646EBCF-0245-4D37-9324-FB79322BA687}.Release|Any CPU.Build.0 = Release|Any CPU
		{FDD8DF2D-F1FE-4A11-A830-DF9A96F1CDCB}.Debug|Any CPU.ActiveCfg = Debug|Any CPU
		{FDD8DF2D-F1FE-4A11-A830-DF9A96F1CDCB}.Debug|Any CPU.Build.0 = Debug|Any CPU
		{FDD8DF2D-F1FE-4A11-A830-DF9A96F1CDCB}.Release|Any CPU.ActiveCfg = Release|Any CPU
		{FDD8DF2D-F1FE-4A11-A830-DF9A96F1CDCB}.Release|Any CPU.Build.0 = Release|Any CPU
		{28674D41-6C6C-4A8C-A616-2270FCE3D0F6}.Debug|Any CPU.ActiveCfg = Debug|Any CPU
		{28674D41-6C6C-4A8C-A616-2270FCE3D0F6}.Debug|Any CPU.Build.0 = Debug|Any CPU
		{28674D41-6C6C-4A8C-A616-2270FCE3D0F6}.Release|Any CPU.ActiveCfg = Release|Any CPU
		{28674D41-6C6C-4A8C-A616-2270FCE3D0F6}.Release|Any CPU.Build.0 = Release|Any CPU
		{57F8CCE2-71AF-4C20-86B1-DAE5D7973D5A}.Debug|Any CPU.ActiveCfg = Debug|Any CPU
		{57F8CCE2-71AF-4C20-86B1-DAE5D7973D5A}.Debug|Any CPU.Build.0 = Debug|Any CPU
		{57F8CCE2-71AF-4C20-86B1-DAE5D7973D5A}.Release|Any CPU.ActiveCfg = Release|Any CPU
		{57F8CCE2-71AF-4C20-86B1-DAE5D7973D5A}.Release|Any CPU.Build.0 = Release|Any CPU
		{6500C386-AC0A-4C95-8C2F-76B7F4B7204F}.Debug|Any CPU.ActiveCfg = Debug|Any CPU
		{6500C386-AC0A-4C95-8C2F-76B7F4B7204F}.Debug|Any CPU.Build.0 = Debug|Any CPU
		{6500C386-AC0A-4C95-8C2F-76B7F4B7204F}.Release|Any CPU.ActiveCfg = Release|Any CPU
		{6500C386-AC0A-4C95-8C2F-76B7F4B7204F}.Release|Any CPU.Build.0 = Release|Any CPU
		{7783F21E-B115-4F31-AFDF-D60BFAC08A39}.Debug|Any CPU.ActiveCfg = Debug|Any CPU
		{7783F21E-B115-4F31-AFDF-D60BFAC08A39}.Debug|Any CPU.Build.0 = Debug|Any CPU
		{7783F21E-B115-4F31-AFDF-D60BFAC08A39}.Release|Any CPU.ActiveCfg = Release|Any CPU
		{7783F21E-B115-4F31-AFDF-D60BFAC08A39}.Release|Any CPU.Build.0 = Release|Any CPU
		{41A700E6-0A39-4290-8E49-27268F15F3F2}.Debug|Any CPU.ActiveCfg = Debug|Any CPU
		{41A700E6-0A39-4290-8E49-27268F15F3F2}.Debug|Any CPU.Build.0 = Debug|Any CPU
		{41A700E6-0A39-4290-8E49-27268F15F3F2}.Release|Any CPU.ActiveCfg = Release|Any CPU
		{41A700E6-0A39-4290-8E49-27268F15F3F2}.Release|Any CPU.Build.0 = Release|Any CPU
		{9A0ACEAE-B232-481C-AC67-4725657B9AFE}.Debug|Any CPU.ActiveCfg = Debug|Any CPU
		{9A0ACEAE-B232-481C-AC67-4725657B9AFE}.Debug|Any CPU.Build.0 = Debug|Any CPU
		{9A0ACEAE-B232-481C-AC67-4725657B9AFE}.Release|Any CPU.ActiveCfg = Release|Any CPU
		{9A0ACEAE-B232-481C-AC67-4725657B9AFE}.Release|Any CPU.Build.0 = Release|Any CPU
		{5332CABA-187F-4874-92F8-2C602049EDF6}.Debug|Any CPU.ActiveCfg = Debug|Any CPU
		{5332CABA-187F-4874-92F8-2C602049EDF6}.Debug|Any CPU.Build.0 = Debug|Any CPU
		{5332CABA-187F-4874-92F8-2C602049EDF6}.Release|Any CPU.ActiveCfg = Release|Any CPU
		{5332CABA-187F-4874-92F8-2C602049EDF6}.Release|Any CPU.Build.0 = Release|Any CPU
		{40FF5721-A643-417D-B5C5-35F70AC2FABA}.Debug|Any CPU.ActiveCfg = Debug|Any CPU
		{40FF5721-A643-417D-B5C5-35F70AC2FABA}.Debug|Any CPU.Build.0 = Debug|Any CPU
		{40FF5721-A643-417D-B5C5-35F70AC2FABA}.Release|Any CPU.ActiveCfg = Release|Any CPU
		{40FF5721-A643-417D-B5C5-35F70AC2FABA}.Release|Any CPU.Build.0 = Release|Any CPU
		{75363355-E544-4BEA-80D0-366943150535}.Debug|Any CPU.ActiveCfg = Debug|Any CPU
		{75363355-E544-4BEA-80D0-366943150535}.Debug|Any CPU.Build.0 = Debug|Any CPU
		{75363355-E544-4BEA-80D0-366943150535}.Release|Any CPU.ActiveCfg = Release|Any CPU
		{75363355-E544-4BEA-80D0-366943150535}.Release|Any CPU.Build.0 = Release|Any CPU
	EndGlobalSection
	GlobalSection(SolutionProperties) = preSolution
		HideSolutionNode = FALSE
	EndGlobalSection
	GlobalSection(NestedProjects) = preSolution
		{18173A58-59F5-4DED-9D80-5C18A12B5E51} = {161162F3-EFDB-47D5-86EF-56612B99A8F2}
		{4AFE2A5F-541F-441A-B892-64BAB96C3313} = {161162F3-EFDB-47D5-86EF-56612B99A8F2}
		{BE6479D5-5199-4A1B-B9BA-E7C977E91F2C} = {161162F3-EFDB-47D5-86EF-56612B99A8F2}
		{FBE2B039-953E-4B4E-B400-83540668B62D} = {161162F3-EFDB-47D5-86EF-56612B99A8F2}
		{F9A9AF5B-AFB7-4E51-9890-8D0971080598} = {161162F3-EFDB-47D5-86EF-56612B99A8F2}
		{5B9730E7-8D46-4957-A00D-37464E3EADE6} = {5A088667-B40B-4BAF-A6C5-EE168E0A816D}
		{59A696B7-FA82-4197-B1FF-D1D8F1F2CD86} = {5A088667-B40B-4BAF-A6C5-EE168E0A816D}
		{126B33B7-7569-42B4-ABBF-768DDBE4AE66} = {5A088667-B40B-4BAF-A6C5-EE168E0A816D}
		{A646EBCF-0245-4D37-9324-FB79322BA687} = {5A088667-B40B-4BAF-A6C5-EE168E0A816D}
		{FDD8DF2D-F1FE-4A11-A830-DF9A96F1CDCB} = {5A088667-B40B-4BAF-A6C5-EE168E0A816D}
		{28674D41-6C6C-4A8C-A616-2270FCE3D0F6} = {37CA4504-74CE-48B9-AF0E-6CF99EE1023B}
		{57F8CCE2-71AF-4C20-86B1-DAE5D7973D5A} = {37CA4504-74CE-48B9-AF0E-6CF99EE1023B}
		{6500C386-AC0A-4C95-8C2F-76B7F4B7204F} = {37CA4504-74CE-48B9-AF0E-6CF99EE1023B}
		{7783F21E-B115-4F31-AFDF-D60BFAC08A39} = {37CA4504-74CE-48B9-AF0E-6CF99EE1023B}
		{41A700E6-0A39-4290-8E49-27268F15F3F2} = {E997C687-6F23-4101-9F64-A43768C4BE3C}
		{9A0ACEAE-B232-481C-AC67-4725657B9AFE} = {E997C687-6F23-4101-9F64-A43768C4BE3C}
		{5332CABA-187F-4874-92F8-2C602049EDF6} = {E997C687-6F23-4101-9F64-A43768C4BE3C}
		{40FF5721-A643-417D-B5C5-35F70AC2FABA} = {E997C687-6F23-4101-9F64-A43768C4BE3C}
		{75363355-E544-4BEA-80D0-366943150535} = {245C9880-177E-458C-891D-C07F67682FBE}
	EndGlobalSection
	GlobalSection(ExtensibilityGlobals) = postSolution
		SolutionGuid = {DF87FE50-BF7C-4B6F-981E-EE67C733B9E7}
	EndGlobalSection
EndGlobal
